
Microsoft Visual Studio Solution File, Format Version 12.00
# Visual Studio Version 16
VisualStudioVersion = 16.0.31205.134
MinimumVisualStudioVersion = 10.0.40219.1
Project("{FAE04EC0-301F-11D3-BF4B-00C04F79EFBC}") = "Lab4_zad1_w62952", "Lab4_zad1_w62952\Lab4_zad1_w62952.csproj", "{ABC98FC7-9F3B-4EBD-82A8-7FFE2D1DB64E}"
EndProject
Global
	GlobalSection(SolutionConfigurationPlatforms) = preSolution
		Debug|Any CPU = Debug|Any CPU
		Release|Any CPU = Release|Any CPU
	EndGlobalSection
	GlobalSection(ProjectConfigurationPlatforms) = postSolution
		{ABC98FC7-9F3B-4EBD-82A8-7FFE2D1DB64E}.Debug|Any CPU.ActiveCfg = Debug|Any CPU
		{ABC98FC7-9F3B-4EBD-82A8-7FFE2D1DB64E}.Debug|Any CPU.Build.0 = Debug|Any CPU
		{ABC98FC7-9F3B-4EBD-82A8-7FFE2D1DB64E}.Release|Any CPU.ActiveCfg = Release|Any CPU
		{ABC98FC7-9F3B-4EBD-82A8-7FFE2D1DB64E}.Release|Any CPU.Build.0 = Release|Any CPU
	EndGlobalSection
	GlobalSection(SolutionProperties) = preSolution
		HideSolutionNode = FALSE
	EndGlobalSection
	GlobalSection(ExtensibilityGlobals) = postSolution
		SolutionGuid = {B81E7CB2-9B10-46D2-B301-4FC99EA0E86D}
	EndGlobalSection
EndGlobal
